
Microsoft Visual Studio Solution File, Format Version 12.00
# Visual Studio 15
VisualStudioVersion = 15.0.26730.15
MinimumVisualStudioVersion = 10.0.40219.1
Project("{2150E333-8FDC-42A3-9474-1A3956D46DE8}") = "QCloud", "QCloud", "{14F5823C-A8E6-42C6-B996-334ABB3326BD}"
EndProject
Project("{FAE04EC0-301F-11D3-BF4B-00C04F79EFBC}") = "MCloudSDK.QCloud.Cos.SDK", "QCloud\MCloudSDK.QCloud.Cos.SDK\MCloudSDK.QCloud.Cos.SDK.csproj", "{E8455C0D-483D-4CDF-8251-B1C6E77EB06B}"
EndProject
Project("{FAE04EC0-301F-11D3-BF4B-00C04F79EFBC}") = "MCloudSDK.QCloud.Cos.SDK.Test", "QCloud\MCloudSDK.QCloud.Cos.SDK.Test\MCloudSDK.QCloud.Cos.SDK.Test.csproj", "{FBAD68A9-C31A-485E-BCD8-460750B5DBA8}"
EndProject
Global
	GlobalSection(SolutionConfigurationPlatforms) = preSolution
		Debug|Any CPU = Debug|Any CPU
		Release|Any CPU = Release|Any CPU
	EndGlobalSection
	GlobalSection(ProjectConfigurationPlatforms) = postSolution
		{E8455C0D-483D-4CDF-8251-B1C6E77EB06B}.Debug|Any CPU.ActiveCfg = Debug|Any CPU
		{E8455C0D-483D-4CDF-8251-B1C6E77EB06B}.Debug|Any CPU.Build.0 = Debug|Any CPU
		{E8455C0D-483D-4CDF-8251-B1C6E77EB06B}.Release|Any CPU.ActiveCfg = Release|Any CPU
		{E8455C0D-483D-4CDF-8251-B1C6E77EB06B}.Release|Any CPU.Build.0 = Release|Any CPU
		{FBAD68A9-C31A-485E-BCD8-460750B5DBA8}.Debug|Any CPU.ActiveCfg = Debug|Any CPU
		{FBAD68A9-C31A-485E-BCD8-460750B5DBA8}.Debug|Any CPU.Build.0 = Debug|Any CPU
		{FBAD68A9-C31A-485E-BCD8-460750B5DBA8}.Release|Any CPU.ActiveCfg = Release|Any CPU
		{FBAD68A9-C31A-485E-BCD8-460750B5DBA8}.Release|Any CPU.Build.0 = Release|Any CPU
	EndGlobalSection
	GlobalSection(SolutionProperties) = preSolution
		HideSolutionNode = FALSE
	EndGlobalSection
	GlobalSection(NestedProjects) = preSolution
		{E8455C0D-483D-4CDF-8251-B1C6E77EB06B} = {14F5823C-A8E6-42C6-B996-334ABB3326BD}
		{FBAD68A9-C31A-485E-BCD8-460750B5DBA8} = {14F5823C-A8E6-42C6-B996-334ABB3326BD}
	EndGlobalSection
	GlobalSection(ExtensibilityGlobals) = postSolution
		SolutionGuid = {6D795462-CF9A-4729-BF5C-FE846D6EE132}
	EndGlobalSection
EndGlobal
